
Microsoft Visual Studio Solution File, Format Version 12.00
# Visual Studio Version 17
VisualStudioVersion = 17.2.32505.173
MinimumVisualStudioVersion = 10.0.40219.1
Project("{FAE04EC0-301F-11D3-BF4B-00C04F79EFBC}") = "Chojnowski_Student_Form", "Chojnowski_Student_Form\Chojnowski_Student_Form.csproj", "{71F9C036-AAAD-48C9-9D6F-DEB6E28C079B}"
EndProject
Global
	GlobalSection(SolutionConfigurationPlatforms) = preSolution
		Debug|Any CPU = Debug|Any CPU
		Release|Any CPU = Release|Any CPU
	EndGlobalSection
	GlobalSection(ProjectConfigurationPlatforms) = postSolution
		{71F9C036-AAAD-48C9-9D6F-DEB6E28C079B}.Debug|Any CPU.ActiveCfg = Debug|Any CPU
		{71F9C036-AAAD-48C9-9D6F-DEB6E28C079B}.Debug|Any CPU.Build.0 = Debug|Any CPU
		{71F9C036-AAAD-48C9-9D6F-DEB6E28C079B}.Debug|Any CPU.Deploy.0 = Debug|Any CPU
		{71F9C036-AAAD-48C9-9D6F-DEB6E28C079B}.Release|Any CPU.ActiveCfg = Release|Any CPU
		{71F9C036-AAAD-48C9-9D6F-DEB6E28C079B}.Release|Any CPU.Build.0 = Release|Any CPU
		{71F9C036-AAAD-48C9-9D6F-DEB6E28C079B}.Release|Any CPU.Deploy.0 = Release|Any CPU
	EndGlobalSection
	GlobalSection(SolutionProperties) = preSolution
		HideSolutionNode = FALSE
	EndGlobalSection
	GlobalSection(ExtensibilityGlobals) = postSolution
		SolutionGuid = {ADCB25F3-7737-4B4F-87DC-FBB6D7465651}
	EndGlobalSection
EndGlobal
